Microsoft Visual Studio Solution File, Format Version 12.00
# Visual Studio Version 17
VisualStudioVersion = 17.5.2.0
MinimumVisualStudioVersion = 10.0.40219.1
Project("{FAE04EC0-301F-11D3-BF4B-00C04F79EFBC}") = "WebPageArchive", "WebPageArchive\WebPageArchive.csproj", "{75AD58C9-CFC5-153F-D336-C31D9254595C}"
EndProject
Project("{FAE04EC0-301F-11D3-BF4B-00C04F79EFBC}") = "WebPageArchiveClient", "WebPageArchiveClient\WebPageArchiveClient.csproj", "{C7FE5621-EE41-4D6A-BF53-CA1A8E320B00}"
EndProject
Global
	GlobalSection(SolutionConfigurationPlatforms) = preSolution
		Debug|Any CPU = Debug|Any CPU
		Release|Any CPU = Release|Any CPU
	EndGlobalSection
	GlobalSection(ProjectConfigurationPlatforms) = postSolution
		{75AD58C9-CFC5-153F-D336-C31D9254595C}.Debug|Any CPU.ActiveCfg = Debug|Any CPU
		{75AD58C9-CFC5-153F-D336-C31D9254595C}.Debug|Any CPU.Build.0 = Debug|Any CPU
		{75AD58C9-CFC5-153F-D336-C31D9254595C}.Release|Any CPU.ActiveCfg = Release|Any CPU
		{75AD58C9-CFC5-153F-D336-C31D9254595C}.Release|Any CPU.Build.0 = Release|Any CPU
		{C7FE5621-EE41-4D6A-BF53-CA1A8E320B00}.Debug|Any CPU.ActiveCfg = Debug|Any CPU
		{C7FE5621-EE41-4D6A-BF53-CA1A8E320B00}.Debug|Any CPU.Build.0 = Debug|Any CPU
		{C7FE5621-EE41-4D6A-BF53-CA1A8E320B00}.Release|Any CPU.ActiveCfg = Release|Any CPU
		{C7FE5621-EE41-4D6A-BF53-CA1A8E320B00}.Release|Any CPU.Build.0 = Release|Any CPU
	EndGlobalSection
	GlobalSection(SolutionProperties) = preSolution
		HideSolutionNode = FALSE
	EndGlobalSection
	GlobalSection(ExtensibilityGlobals) = postSolution
		SolutionGuid = {F1DD1FD8-1505-4D39-8BFD-F6852927AD01}
	EndGlobalSection
EndGlobal
